
Microsoft Visual Studio Solution File, Format Version 12.00
# Visual Studio Version 16
VisualStudioVersion = 16.0.35229.62
MinimumVisualStudioVersion = 10.0.40219.1
Project("{FAE04EC0-301F-11D3-BF4B-00C04F79EFBC}") = "RimworldRider", "RimworldRider.csproj", "{B2C53C35-D1E7-441B-94F0-ED15A85A9203}"
EndProject
Global
	GlobalSection(SolutionConfigurationPlatforms) = preSolution
		Debug|Any CPU = Debug|Any CPU
		Release|Any CPU = Release|Any CPU
	EndGlobalSection
	GlobalSection(ProjectConfigurationPlatforms) = postSolution
		{B2C53C35-D1E7-441B-94F0-ED15A85A9203}.Debug|Any CPU.ActiveCfg = Debug|Any CPU
		{B2C53C35-D1E7-441B-94F0-ED15A85A9203}.Debug|Any CPU.Build.0 = Debug|Any CPU
		{B2C53C35-D1E7-441B-94F0-ED15A85A9203}.Release|Any CPU.ActiveCfg = Release|Any CPU
		{B2C53C35-D1E7-441B-94F0-ED15A85A9203}.Release|Any CPU.Build.0 = Release|Any CPU
	EndGlobalSection
	GlobalSection(SolutionProperties) = preSolution
		HideSolutionNode = FALSE
	EndGlobalSection
	GlobalSection(ExtensibilityGlobals) = postSolution
		SolutionGuid = {6E67E3EB-1006-40CB-A71D-4664DD82B7A6}
	EndGlobalSection
EndGlobal
